// !$*UTF8*$!
{
	archiveVersion = 1;
	classes = {
	};
	objectVersion = 50;
	objects = {

/* Begin PBXBuildFile section */
		11FE290926663CB5009166DD /* AppDelegate.swift in Sources */ = {isa = PBXBuildFile; fileRef = 11FE290826663CB5009166DD /* AppDelegate.swift */; };
		11FE290B26663CB5009166DD /* SceneDelegate.swift in Sources */ = {isa = PBXBuildFile; fileRef = 11FE290A26663CB5009166DD /* SceneDelegate.swift */; };
		11FE290D26663CB5009166DD /* ViewController.swift in Sources */ = {isa = PBXBuildFile; fileRef = 11FE290C26663CB5009166DD /* ViewController.swift */; };
		11FE291026663CB5009166DD /* Main.storyboard in Resources */ = {isa = PBXBuildFile; fileRef = 11FE290E26663CB5009166DD /* Main.storyboard */; };
		11FE291226663CB8009166DD /* Assets.xcassets in Resources */ = {isa = PBXBuildFile; fileRef = 11FE291126663CB8009166DD /* Assets.xcassets */; };
		11FE291526663CB8009166DD /* LaunchScreen.storyboard in Resources */ = {isa = PBXBuildFile; fileRef = 11FE291326663CB8009166DD /* LaunchScreen.storyboard */; };
		11FE292026663CB8009166DD /* iOSTests.swift in Sources */ = {isa = PBXBuildFile; fileRef = 11FE291F26663CB8009166DD /* iOSTests.swift */; };
		11FE292B26663CB8009166DD /* iOSUITests.swift in Sources */ = {isa = PBXBuildFile; fileRef = 11FE292A26663CB8009166DD /* iOSUITests.swift */; };
		11FE293926665146009166DD /* ChartViewController.swift in Sources */ = {isa = PBXBuildFile; fileRef = 11FE293826665146009166DD /* ChartViewController.swift */; };
		11FE293B2666D809009166DD /* chart in Resources */ = {isa = PBXBuildFile; fileRef = 11FE293A2666D808009166DD /* chart */; };
/* End PBXBuildFile section */

/* Begin PBXContainerItemProxy section */
		11FE291C26663CB8009166DD /* PBXContainerItemProxy */ = {
			isa = PBXContainerItemProxy;
			containerPortal = 11FE28FD26663CB4009166DD /* Project object */;
			proxyType = 1;
			remoteGlobalIDString = 11FE290426663CB5009166DD;
			remoteInfo = iOS;
		};
		11FE292726663CB8009166DD /* PBXContainerItemProxy */ = {
			isa = PBXContainerItemProxy;
			containerPortal = 11FE28FD26663CB4009166DD /* Project object */;
			proxyType = 1;
			remoteGlobalIDString = 11FE290426663CB5009166DD;
			remoteInfo = iOS;
		};
/* End PBXContainerItemProxy section */

/* Begin PBXFileReference section */
		11FE290526663CB5009166DD /* iOS.app */ = {isa = PBXFileReference; explicitFileType = wrapper.application; includeInIndex = 0; path = iOS.app; sourceTree = BUILT_PRODUCTS_DIR; };
		11FE290826663CB5009166DD /* AppDelegate.swift */ = {isa = PBXFileReference; lastKnownFileType = sourcecode.swift; path = AppDelegate.swift; sourceTree = "<group>"; };
		11FE290A26663CB5009166DD /* SceneDelegate.swift */ = {isa = PBXFileReference; lastKnownFileType = sourcecode.swift; path = SceneDelegate.swift; sourceTree = "<group>"; };
		11FE290C26663CB5009166DD /* ViewController.swift */ = {isa = PBXFileReference; lastKnownFileType = sourcecode.swift; path = ViewController.swift; sourceTree = "<group>"; };
		11FE290F26663CB5009166DD /* Base */ = {isa = PBXFileReference; lastKnownFileType = file.storyboard; name = Base; path = Base.lproj/Main.storyboard; sourceTree = "<group>"; };
		11FE291126663CB8009166DD /* Assets.xcassets */ = {isa = PBXFileReference; lastKnownFileType = folder.assetcatalog; path = Assets.xcassets; sourceTree = "<group>"; };
		11FE291426663CB8009166DD /* Base */ = {isa = PBXFileReference; lastKnownFileType = file.storyboard; name = Base; path = Base.lproj/LaunchScreen.storyboard; sourceTree = "<group>"; };
		11FE291626663CB8009166DD /* Info.plist */ = {isa = PBXFileReference; lastKnownFileType = text.plist.xml; path = Info.plist; sourceTree = "<group>"; };
		11FE291B26663CB8009166DD /* iOSTests.xctest */ = {isa = PBXFileReference; explicitFileType = wrapper.cfbundle; includeInIndex = 0; path = iOSTests.xctest; sourceTree = BUILT_PRODUCTS_DIR; };
		11FE291F26663CB8009166DD /* iOSTests.swift */ = {isa = PBXFileReference; lastKnownFileType = sourcecode.swift; path = iOSTests.swift; sourceTree = "<group>"; };
		11FE292126663CB8009166DD /* Info.plist */ = {isa = PBXFileReference; lastKnownFileType = text.plist.xml; path = Info.plist; sourceTree = "<group>"; };
		11FE292626663CB8009166DD /* iOSUITests.xctest */ = {isa = PBXFileReference; explicitFileType = wrapper.cfbundle; includeInIndex = 0; path = iOSUITests.xctest; sourceTree = BUILT_PRODUCTS_DIR; };
		11FE292A26663CB8009166DD /* iOSUITests.swift */ = {isa = PBXFileReference; lastKnownFileType = sourcecode.swift; path = iOSUITests.swift; sourceTree = "<group>"; };
		11FE292C26663CB8009166DD /* Info.plist */ = {isa = PBXFileReference; lastKnownFileType = text.plist.xml; path = Info.plist; sourceTree = "<group>"; };
		11FE293826665146009166DD /* ChartViewController.swift */ = {isa = PBXFileReference; lastKnownFileType = sourcecode.swift; path = ChartViewController.swift; sourceTree = "<group>"; };
		11FE293A2666D808009166DD /* chart */ = {isa = PBXFileReference; lastKnownFileType = folder; path = chart; sourceTree = "<group>"; };
/* End PBXFileReference section */

/* Begin PBXFrameworksBuildPhase section */
		11FE290226663CB5009166DD /* Frameworks */ = {
			isa = PBXFrameworksBuildPhase;
			buildActionMask = 2147483647;
			files = (
			);
			runOnlyForDeploymentPostprocessing = 0;
		};
		11FE291826663CB8009166DD /* Frameworks */ = {
			isa = PBXFrameworksBuildPhase;
			buildActionMask = 2147483647;
			files = (
			);
			runOnlyForDeploymentPostprocessing = 0;
		};
		11FE292326663CB8009166DD /* Frameworks */ = {
			isa = PBXFrameworksBuildPhase;
			buildActionMask = 2147483647;
			files = (
			);
			runOnlyForDeploymentPostprocessing = 0;
		};
/* End PBXFrameworksBuildPhase section */

/* Begin PBXGroup section */
		11FE28FC26663CB4009166DD = {
			isa = PBXGroup;
			children = (
				11FE290726663CB5009166DD /* iOS */,
				11FE291E26663CB8009166DD /* iOSTests */,
				11FE292926663CB8009166DD /* iOSUITests */,
				11FE290626663CB5009166DD /* Products */,
			);
			sourceTree = "<group>";
		};
		11FE290626663CB5009166DD /* Products */ = {
			isa = PBXGroup;
			children = (
				11FE290526663CB5009166DD /* iOS.app */,
				11FE291B26663CB8009166DD /* iOSTests.xctest */,
				11FE292626663CB8009166DD /* iOSUITests.xctest */,
			);
			name = Products;
			sourceTree = "<group>";
		};
		11FE290726663CB5009166DD /* iOS */ = {
			isa = PBXGroup;
			children = (
				11FE290826663CB5009166DD /* AppDelegate.swift */,
				11FE290A26663CB5009166DD /* SceneDelegate.swift */,
				11FE290C26663CB5009166DD /* ViewController.swift */,
				11FE293826665146009166DD /* ChartViewController.swift */,
				11FE293A2666D808009166DD /* chart */,
				11FE290E26663CB5009166DD /* Main.storyboard */,
				11FE291126663CB8009166DD /* Assets.xcassets */,
				11FE291326663CB8009166DD /* LaunchScreen.storyboard */,
				11FE291626663CB8009166DD /* Info.plist */,
			);
			path = iOS;
			sourceTree = "<group>";
		};
		11FE291E26663CB8009166DD /* iOSTests */ = {
			isa = PBXGroup;
			children = (
				11FE291F26663CB8009166DD /* iOSTests.swift */,
				11FE292126663CB8009166DD /* Info.plist */,
			);
			path = iOSTests;
			sourceTree = "<group>";
		};
		11FE292926663CB8009166DD /* iOSUITests */ = {
			isa = PBXGroup;
			children = (
				11FE292A26663CB8009166DD /* iOSUITests.swift */,
				11FE292C26663CB8009166DD /* Info.plist */,
			);
			path = iOSUITests;
			sourceTree = "<group>";
		};
/* End PBXGroup section */

/* Begin PBXNativeTarget section */
		11FE290426663CB5009166DD /* iOS */ = {
			isa = PBXNativeTarget;
			buildConfigurationList = 11FE292F26663CB8009166DD /* Build configuration list for PBXNativeTarget "iOS" */;
			buildPhases = (
				11FE290126663CB5009166DD /* Sources */,
				11FE290226663CB5009166DD /* Frameworks */,
				11FE290326663CB5009166DD /* Resources */,
			);
			buildRules = (
			);
			dependencies = (
			);
			name = iOS;
			productName = iOS;
			productReference = 11FE290526663CB5009166DD /* iOS.app */;
			productType = "com.apple.product-type.application";
		};
		11FE291A26663CB8009166DD /* iOSTests */ = {
			isa = PBXNativeTarget;
			buildConfigurationList = 11FE293226663CB8009166DD /* Build configuration list for PBXNativeTarget "iOSTests" */;
			buildPhases = (
				11FE291726663CB8009166DD /* Sources */,
				11FE291826663CB8009166DD /* Frameworks */,
				11FE291926663CB8009166DD /* Resources */,
			);
			buildRules = (
			);
			dependencies = (
				11FE291D26663CB8009166DD /* PBXTargetDependency */,
			);
			name = iOSTests;
			productName = iOSTests;
			productReference = 11FE291B26663CB8009166DD /* iOSTests.xctest */;
			productType = "com.apple.product-type.bundle.unit-test";
		};
		11FE292526663CB8009166DD /* iOSUITests */ = {
			isa = PBXNativeTarget;
			buildConfigurationList = 11FE293526663CB8009166DD /* Build configuration list for PBXNativeTarget "iOSUITests" */;
			buildPhases = (
				11FE292226663CB8009166DD /* Sources */,
				11FE292326663CB8009166DD /* Frameworks */,
				11FE292426663CB8009166DD /* Resources */,
			);
			buildRules = (
			);
			dependencies = (
				11FE292826663CB8009166DD /* PBXTargetDependency */,
			);
			name = iOSUITests;
			productName = iOSUITests;
			productReference = 11FE292626663CB8009166DD /* iOSUITests.xctest */;
			productType = "com.apple.product-type.bundle.ui-testing";
		};
/* End PBXNativeTarget section */

/* Begin PBXProject section */
		11FE28FD26663CB4009166DD /* Project object */ = {
			isa = PBXProject;
			attributes = {
				LastSwiftUpdateCheck = 1250;
				LastUpgradeCheck = 1250;
				TargetAttributes = {
					11FE290426663CB5009166DD = {
						CreatedOnToolsVersion = 12.5;
					};
					11FE291A26663CB8009166DD = {
						CreatedOnToolsVersion = 12.5;
						TestTargetID = 11FE290426663CB5009166DD;
					};
					11FE292526663CB8009166DD = {
						CreatedOnToolsVersion = 12.5;
						TestTargetID = 11FE290426663CB5009166DD;
					};
				};
			};
			buildConfigurationList = 11FE290026663CB4009166DD /* Build configuration list for PBXProject "iOS" */;
			compatibilityVersion = "Xcode 9.3";
			developmentRegion = en;
			hasScannedForEncodings = 0;
			knownRegions = (
				en,
				Base,
			);
			mainGroup = 11FE28FC26663CB4009166DD;
			productRefGroup = 11FE290626663CB5009166DD /* Products */;
			projectDirPath = "";
			projectRoot = "";
			targets = (
				11FE290426663CB5009166DD /* iOS */,
				11FE291A26663CB8009166DD /* iOSTests */,
				11FE292526663CB8009166DD /* iOSUITests */,
			);
		};
/* End PBXProject section */

/* Begin PBXResourcesBuildPhase section */
		11FE290326663CB5009166DD /* Resources */ = {
			isa = PBXResourcesBuildPhase;
			buildActionMask = 2147483647;
			files = (
				11FE291526663CB8009166DD /* LaunchScreen.storyboard in Resources */,
				11FE291226663CB8009166DD /* Assets.xcassets in Resources */,
				11FE291026663CB5009166DD /* Main.storyboard in Resources */,
				11FE293B2666D809009166DD /* chart in Resources */,
			);
			runOnlyForDeploymentPostprocessing = 0;
		};
		11FE291926663CB8009166DD /* Resources */ = {
			isa = PBXResourcesBuildPhase;
			buildActionMask = 2147483647;
			files = (
			);
			runOnlyForDeploymentPostprocessing = 0;
		};
		11FE292426663CB8009166DD /* Resources */ = {
			isa = PBXResourcesBuildPhase;
			buildActionMask = 2147483647;
			files = (
			);
			runOnlyForDeploymentPostprocessing = 0;
		};
/* End PBXResourcesBuildPhase section */

/* Begin PBXSourcesBuildPhase section */
		11FE290126663CB5009166DD /* Sources */ = {
			isa = PBXSourcesBuildPhase;
			buildActionMask = 2147483647;
			files = (
				11FE290D26663CB5009166DD /* ViewController.swift in Sources */,
				11FE290926663CB5009166DD /* AppDelegate.swift in Sources */,
				11FE293926665146009166DD /* ChartViewController.swift in Sources */,
				11FE290B26663CB5009166DD /* SceneDelegate.swift in Sources */,
			);
			runOnlyForDeploymentPostprocessing = 0;
		};
		11FE291726663CB8009166DD /* Sources */ = {
			isa = PBXSourcesBuildPhase;
			buildActionMask = 2147483647;
			files = (
				11FE292026663CB8009166DD /* iOSTests.swift in Sources */,
			);
			runOnlyForDeploymentPostprocessing = 0;
		};
		11FE292226663CB8009166DD /* Sources */ = {
			isa = PBXSourcesBuildPhase;
			buildActionMask = 2147483647;
			files = (
				11FE292B26663CB8009166DD /* iOSUITests.swift in Sources */,
			);
			runOnlyForDeploymentPostprocessing = 0;
		};
/* End PBXSourcesBuildPhase section */

/* Begin PBXTargetDependency section */
		11FE291D26663CB8009166DD /* PBXTargetDependency */ = {
			isa = PBXTargetDependency;
			target = 11FE290426663CB5009166DD /* iOS */;
			targetProxy = 11FE291C26663CB8009166DD /* PBXContainerItemProxy */;
		};
		11FE292826663CB8009166DD /* PBXTargetDependency */ = {
			isa = PBXTargetDependency;
			target = 11FE290426663CB5009166DD /* iOS */;
			targetProxy = 11FE292726663CB8009166DD /* PBXContainerItemProxy */;
		};
/* End PBXTargetDependency section */

/* Begin PBXVariantGroup section */
		11FE290E26663CB5009166DD /* Main.storyboard */ = {
			isa = PBXVariantGroup;
			children = (
				11FE290F26663CB5009166DD /* Base */,
			);
			name = Main.storyboard;
			sourceTree = "<group>";
		};
		11FE291326663CB8009166DD /* LaunchScreen.storyboard */ = {
			isa = PBXVariantGroup;
			children = (
				11FE291426663CB8009166DD /* Base */,
			);
			name = LaunchScreen.storyboard;
			sourceTree = "<group>";
		};
/* End PBXVariantGroup section */

/* Begin XCBuildConfiguration section */
		11FE292D26663CB8009166DD /* Debug */ = {
			isa = XCBuildConfiguration;
			buildSettings = {
				ALWAYS_SEARCH_USER_PATHS = NO;
				CLANG_ANALYZER_NONNULL = YES;
				CLANG_ANALYZER_NUMBER_OBJECT_CONVERSION = YES_AGGRESSIVE;
				CLANG_CXX_LANGUAGE_STANDARD = "gnu++14";
				CLANG_CXX_LIBRARY = "libc++";
				CLANG_ENABLE_MODULES = YES;
				CLANG_ENABLE_OBJC_ARC = YES;
				CLANG_ENABLE_OBJC_WEAK = YES;
				CLANG_WARN_BLOCK_CAPTURE_AUTORELEASING = YES;
				CLANG_WARN_BOOL_CONVERSION = YES;
				CLANG_WARN_COMMA = YES;
				CLANG_WARN_CONSTANT_CONVERSION = YES;
				CLANG_WARN_DEPRECATED_OBJC_IMPLEMENTATIONS = YES;
				CLANG_WARN_DIRECT_OBJC_ISA_USAGE = YES_ERROR;
				CLANG_WARN_DOCUMENTATION_COMMENTS = YES;
				CLANG_WARN_EMPTY_BODY = YES;
				CLANG_WARN_ENUM_CONVERSION = YES;
				CLANG_WARN_INFINITE_RECURSION = YES;
				CLANG_WARN_INT_CONVERSION = YES;
				CLANG_WARN_NON_LITERAL_NULL_CONVERSION = YES;
				CLANG_WARN_OBJC_IMPLICIT_RETAIN_SELF = YES;
				CLANG_WARN_OBJC_LITERAL_CONVERSION = YES;
				CLANG_WARN_OBJC_ROOT_CLASS = YES_ERROR;
				CLANG_WARN_QUOTED_INCLUDE_IN_FRAMEWORK_HEADER = YES;
				CLANG_WARN_RANGE_LOOP_ANALYSIS = YES;
				CLANG_WARN_STRICT_PROTOTYPES = YES;
				CLANG_WARN_SUSPICIOUS_MOVE = YES;
				CLANG_WARN_UNGUARDED_AVAILABILITY = YES_AGGRESSIVE;
				CLANG_WARN_UNREACHABLE_CODE = YES;
				CLANG_WARN__DUPLICATE_METHOD_MATCH = YES;
				COPY_PHASE_STRIP = NO;
				DEBUG_INFORMATION_FORMAT = dwarf;
				ENABLE_STRICT_OBJC_MSGSEND = YES;
				ENABLE_TESTABILITY = YES;
				GCC_C_LANGUAGE_STANDARD = gnu11;
				GCC_DYNAMIC_NO_PIC = NO;
				GCC_NO_COMMON_BLOCKS = YES;
				GCC_OPTIMIZATION_LEVEL = 0;
				GCC_PREPROCESSOR_DEFINITIONS = (
					"DEBUG=1",
					"$(inherited)",
				);
				GCC_WARN_64_TO_32_BIT_CONVERSION = YES;
				GCC_WARN_ABOUT_RETURN_TYPE = YES_ERROR;
				GCC_WARN_UNDECLARED_SELECTOR = YES;
				GCC_WARN_UNINITIALIZED_AUTOS = YES_AGGRESSIVE;
				GCC_WARN_UNUSED_FUNCTION = YES;
				GCC_WARN_UNUSED_VARIABLE = YES;
				IPHONEOS_DEPLOYMENT_TARGET = 14.5;
				MTL_ENABLE_DEBUG_INFO = INCLUDE_SOURCE;
				MTL_FAST_MATH = YES;
				ONLY_ACTIVE_ARCH = YES;
				SDKROOT = iphoneos;
				SWIFT_ACTIVE_COMPILATION_CONDITIONS = DEBUG;
				SWIFT_OPTIMIZATION_LEVEL = "-Onone";
			};
			name = Debug;
		};
		11FE292E26663CB8009166DD /* Release */ = {
			isa = XCBuildConfiguration;
			buildSettings = {
				ALWAYS_SEARCH_USER_PATHS = NO;
				CLANG_ANALYZER_NONNULL = YES;
				CLANG_ANALYZER_NUMBER_OBJECT_CONVERSION = YES_AGGRESSIVE;
				CLANG_CXX_LANGUAGE_STANDARD = "gnu++14";
				CLANG_CXX_LIBRARY = "libc++";
				CLANG_ENABLE_MODULES = YES;
				CLANG_ENABLE_OBJC_ARC = YES;
				CLANG_ENABLE_OBJC_WEAK = YES;
				CLANG_WARN_BLOCK_CAPTURE_AUTORELEASING = YES;
				CLANG_WARN_BOOL_CONVERSION = YES;
				CLANG_WARN_COMMA = YES;
				CLANG_WARN_CONSTANT_CONVERSION = YES;
				CLANG_WARN_DEPRECATED_OBJC_IMPLEMENTATIONS = YES;
				CLANG_WARN_DIRECT_OBJC_ISA_USAGE = YES_ERROR;
				CLANG_WARN_DOCUMENTATION_COMMENTS = YES;
				CLANG_WARN_EMPTY_BODY = YES;
				CLANG_WARN_ENUM_CONVERSION = YES;
				CLANG_WARN_INFINITE_RECURSION = YES;
				CLANG_WARN_INT_CONVERSION = YES;
				CLANG_WARN_NON_LITERAL_NULL_CONVERSION = YES;
				CLANG_WARN_OBJC_IMPLICIT_RETAIN_SELF = YES;
				CLANG_WARN_OBJC_LITERAL_CONVERSION = YES;
				CLANG_WARN_OBJC_ROOT_CLASS = YES_ERROR;
				CLANG_WARN_QUOTED_INCLUDE_IN_FRAMEWORK_HEADER = YES;
				CLANG_WARN_RANGE_LOOP_ANALYSIS = YES;
				CLANG_WARN_STRICT_PROTOTYPES = YES;
				CLANG_WARN_SUSPICIOUS_MOVE = YES;
				CLANG_WARN_UNGUARDED_AVAILABILITY = YES_AGGRESSIVE;
				CLANG_WARN_UNREACHABLE_CODE = YES;
				CLANG_WARN__DUPLICATE_METHOD_MATCH = YES;
				COPY_PHASE_STRIP = NO;
				DEBUG_INFORMATION_FORMAT = "dwarf-with-dsym";
				ENABLE_NS_ASSERTIONS = NO;
				ENABLE_STRICT_OBJC_MSGSEND = YES;
				GCC_C_LANGUAGE_STANDARD = gnu11;
				GCC_NO_COMMON_BLOCKS = YES;
				GCC_WARN_64_TO_32_BIT_CONVERSION = YES;
				GCC_WARN_ABOUT_RETURN_TYPE = YES_ERROR;
				GCC_WARN_UNDECLARED_SELECTOR = YES;
				GCC_WARN_UNINITIALIZED_AUTOS = YES_AGGRESSIVE;
				GCC_WARN_UNUSED_FUNCTION = YES;
				GCC_WARN_UNUSED_VARIABLE = YES;
				IPHONEOS_DEPLOYMENT_TARGET = 14.5;
				MTL_ENABLE_DEBUG_INFO = NO;
				MTL_FAST_MATH = YES;
				SDKROOT = iphoneos;
				SWIFT_COMPILATION_MODE = wholemodule;
				SWIFT_OPTIMIZATION_LEVEL = "-O";
				VALIDATE_PRODUCT = YES;
			};
			name = Release;
		};
		11FE293026663CB8009166DD /* Debug */ = {
			isa = XCBuildConfiguration;
			buildSettings = {
				ASSETCATALOG_COMPILER_APPICON_NAME = AppIcon;
				ASSETCATALOG_COMPILER_GLOBAL_ACCENT_COLOR_NAME = AccentColor;
				CODE_SIGN_STYLE = Automatic;
				DEVELOPMENT_TEAM = 89GX52LCL4;
				INFOPLIST_FILE = iOS/Info.plist;
				LD_RUNPATH_SEARCH_PATHS = (
					"$(inherited)",
					"@executable_path/Frameworks",
				);
				PRODUCT_BUNDLE_IDENTIFIER = arction.iOS;
				PRODUCT_NAME = "$(TARGET_NAME)";
				SWIFT_VERSION = 5.0;
				TARGETED_DEVICE_FAMILY = 1;
			};
			name = Debug;
		};
		11FE293126663CB8009166DD /* Release */ = {
			isa = XCBuildConfiguration;
			buildSettings = {
				ASSETCATALOG_COMPILER_APPICON_NAME = AppIcon;
				ASSETCATALOG_COMPILER_GLOBAL_ACCENT_COLOR_NAME = AccentColor;
				CODE_SIGN_STYLE = Automatic;
				DEVELOPMENT_TEAM = 89GX52LCL4;
				INFOPLIST_FILE = iOS/Info.plist;
				LD_RUNPATH_SEARCH_PATHS = (
					"$(inherited)",
					"@executable_path/Frameworks",
				);
				PRODUCT_BUNDLE_IDENTIFIER = arction.iOS;
				PRODUCT_NAME = "$(TARGET_NAME)";
				SWIFT_VERSION = 5.0;
				TARGETED_DEVICE_FAMILY = 1;
			};
			name = Release;
		};
		11FE293326663CB8009166DD /* Debug */ = {
			isa = XCBuildConfiguration;
			buildSettings = {
				ALWAYS_EMBED_SWIFT_STANDARD_LIBRARIES = YES;
				BUNDLE_LOADER = "$(TEST_HOST)";
				CODE_SIGN_STYLE = Automatic;
				INFOPLIST_FILE = iOSTests/Info.plist;
				IPHONEOS_DEPLOYMENT_TARGET = 14.5;
				LD_RUNPATH_SEARCH_PATHS = (
					"$(inherited)",
					"@executable_path/Frameworks",
					"@loader_path/Frameworks",
				);
				PRODUCT_BUNDLE_IDENTIFIER = arction.iOSTests;
				PRODUCT_NAME = "$(TARGET_NAME)";
				SWIFT_VERSION = 5.0;
				TARGETED_DEVICE_FAMILY = "1,2";
				TEST_HOST = "$(BUILT_PRODUCTS_DIR)/iOS.app/iOS";
			};
			name = Debug;
		};
		11FE293426663CB8009166DD /* Release */ = {
			isa = XCBuildConfiguration;
			buildSettings = {
				ALWAYS_EMBED_SWIFT_STANDARD_LIBRARIES = YES;
				BUNDLE_LOADER = "$(TEST_HOST)";
				CODE_SIGN_STYLE = Automatic;
				INFOPLIST_FILE = iOSTests/Info.plist;
				IPHONEOS_DEPLOYMENT_TARGET = 14.5;
				LD_RUNPATH_SEARCH_PATHS = (
					"$(inherited)",
					"@executable_path/Frameworks",
					"@loader_path/Frameworks",
				);
				PRODUCT_BUNDLE_IDENTIFIER = arction.iOSTests;
				PRODUCT_NAME = "$(TARGET_NAME)";
				SWIFT_VERSION = 5.0;
				TARGETED_DEVICE_FAMILY = "1,2";
				TEST_HOST = "$(BUILT_PRODUCTS_DIR)/iOS.app/iOS";
			};
			name = Release;
		};
		11FE293626663CB8009166DD /* Debug */ = {
			isa = XCBuildConfiguration;
			buildSettings = {
				ALWAYS_EMBED_SWIFT_STANDARD_LIBRARIES = YES;
				CODE_SIGN_STYLE = Automatic;
				INFOPLIST_FILE = iOSUITests/Info.plist;
				LD_RUNPATH_SEARCH_PATHS = (
					"$(inherited)",
					"@executable_path/Frameworks",
					"@loader_path/Frameworks",
				);
				PRODUCT_BUNDLE_IDENTIFIER = arction.iOSUITests;
				PRODUCT_NAME = "$(TARGET_NAME)";
				SWIFT_VERSION = 5.0;
				TARGETED_DEVICE_FAMILY = "1,2";
				TEST_TARGET_NAME = iOS;
			};
			name = Debug;
		};
		11FE293726663CB8009166DD /* Release */ = {
			isa = XCBuildConfiguration;
			buildSettings = {
				ALWAYS_EMBED_SWIFT_STANDARD_LIBRARIES = YES;
				CODE_SIGN_STYLE = Automatic;
				INFOPLIST_FILE = iOSUITests/Info.plist;
				LD_RUNPATH_SEARCH_PATHS = (
					"$(inherited)",
					"@executable_path/Frameworks",
					"@loader_path/Frameworks",
				);
				PRODUCT_BUNDLE_IDENTIFIER = arction.iOSUITests;
				PRODUCT_NAME = "$(TARGET_NAME)";
				SWIFT_VERSION = 5.0;
				TARGETED_DEVICE_FAMILY = "1,2";
				TEST_TARGET_NAME = iOS;
			};
			name = Release;
		};
/* End XCBuildConfiguration section */

/* Begin XCConfigurationList section */
		11FE290026663CB4009166DD /* Build configuration list for PBXProject "iOS" */ = {
			isa = XCConfigurationList;
			buildConfigurations = (
				11FE292D26663CB8009166DD /* Debug */,
				11FE292E26663CB8009166DD /* Release */,
			);
			defaultConfigurationIsVisible = 0;
			defaultConfigurationName = Release;
		};
		11FE292F26663CB8009166DD /* Build configuration list for PBXNativeTarget "iOS" */ = {
			isa = XCConfigurationList;
			buildConfigurations = (
				11FE293026663CB8009166DD /* Debug */,
				11FE293126663CB8009166DD /* Release */,
			);
			defaultConfigurationIsVisible = 0;
			defaultConfigurationName = Release;
		};
		11FE293226663CB8009166DD /* Build configuration list for PBXNativeTarget "iOSTests" */ = {
			isa = XCConfigurationList;
			buildConfigurations = (
				11FE293326663CB8009166DD /* Debug */,
				11FE293426663CB8009166DD /* Release */,
			);
			defaultConfigurationIsVisible = 0;
			defaultConfigurationName = Release;
		};
		11FE293526663CB8009166DD /* Build configuration list for PBXNativeTarget "iOSUITests" */ = {
			isa = XCConfigurationList;
			buildConfigurations = (
				11FE293626663CB8009166DD /* Debug */,
				11FE293726663CB8009166DD /* Release */,
			);
			defaultConfigurationIsVisible = 0;
			defaultConfigurationName = Release;
		};
/* End XCConfigurationList section */
	};
	rootObject = 11FE28FD26663CB4009166DD /* Project object */;
}
